
Microsoft Visual Studio Solution File, Format Version 12.00
# Visual Studio Version 16
VisualStudioVersion = 16.0.29728.190
MinimumVisualStudioVersion = 10.0.40219.1
Project("{FAE04EC0-301F-11D3-BF4B-00C04F79EFBC}") = "GG-AESY", "GG-AESY.csproj", "{3F589A89-A307-4C9F-91B8-D303BC1DD5DE}"
EndProject
Global
	GlobalSection(SolutionConfigurationPlatforms) = preSolution
		Debug|Any CPU = Debug|Any CPU
		Release|Any CPU = Release|Any CPU
	EndGlobalSection
	GlobalSection(ProjectConfigurationPlatforms) = postSolution
		{3F589A89-A307-4C9F-91B8-D303BC1DD5DE}.Debug|Any CPU.ActiveCfg = Debug|Any CPU
		{3F589A89-A307-4C9F-91B8-D303BC1DD5DE}.Debug|Any CPU.Build.0 = Debug|Any CPU
		{3F589A89-A307-4C9F-91B8-D303BC1DD5DE}.Release|Any CPU.ActiveCfg = Release|Any CPU
		{3F589A89-A307-4C9F-91B8-D303BC1DD5DE}.Release|Any CPU.Build.0 = Release|Any CPU
	EndGlobalSection
	GlobalSection(SolutionProperties) = preSolution
		HideSolutionNode = FALSE
	EndGlobalSection
	GlobalSection(ExtensibilityGlobals) = postSolution
		SolutionGuid = {D15282C8-698D-4C49-BCBA-D3B4B9EB5F3C}
	EndGlobalSection
EndGlobal
